
Microsoft Visual Studio Solution File, Format Version 12.00
# Visual Studio Version 16
VisualStudioVersion = 16.0.29613.14
MinimumVisualStudioVersion = 10.0.40219.1
Project("{FAE04EC0-301F-11D3-BF4B-00C04F79EFBC}") = "Sets", "Sets.csproj", "{0C718A38-732B-47C5-8990-B9FD20F3D7FA}"
EndProject
Global
	GlobalSection(SolutionConfigurationPlatforms) = preSolution
		Debug|Any CPU = Debug|Any CPU
		Release|Any CPU = Release|Any CPU
	EndGlobalSection
	GlobalSection(ProjectConfigurationPlatforms) = postSolution
		{0C718A38-732B-47C5-8990-B9FD20F3D7FA}.Debug|Any CPU.ActiveCfg = Debug|Any CPU
		{0C718A38-732B-47C5-8990-B9FD20F3D7FA}.Debug|Any CPU.Build.0 = Debug|Any CPU
		{0C718A38-732B-47C5-8990-B9FD20F3D7FA}.Release|Any CPU.ActiveCfg = Release|Any CPU
		{0C718A38-732B-47C5-8990-B9FD20F3D7FA}.Release|Any CPU.Build.0 = Release|Any CPU
	EndGlobalSection
	GlobalSection(SolutionProperties) = preSolution
		HideSolutionNode = FALSE
	EndGlobalSection
	GlobalSection(ExtensibilityGlobals) = postSolution
		SolutionGuid = {E742BFB4-655A-4BFE-8FCA-D6730572B636}
	EndGlobalSection
EndGlobal
